
Microsoft Visual Studio Solution File, Format Version 12.00
# Visual Studio Version 17
VisualStudioVersion = 17.7.34024.191
MinimumVisualStudioVersion = 10.0.40219.1
Project("{FAE04EC0-301F-11D3-BF4B-00C04F79EFBC}") = "Hometask_", "Hometask_\Hometask_.csproj", "{4968CE28-6B9C-46E3-9B43-D83406C78471}"
EndProject
Global
	GlobalSection(SolutionConfigurationPlatforms) = preSolution
		Debug|Any CPU = Debug|Any CPU
		Release|Any CPU = Release|Any CPU
	EndGlobalSection
	GlobalSection(ProjectConfigurationPlatforms) = postSolution
		{4968CE28-6B9C-46E3-9B43-D83406C78471}.Debug|Any CPU.ActiveCfg = Debug|Any CPU
		{4968CE28-6B9C-46E3-9B43-D83406C78471}.Debug|Any CPU.Build.0 = Debug|Any CPU
		{4968CE28-6B9C-46E3-9B43-D83406C78471}.Release|Any CPU.ActiveCfg = Release|Any CPU
		{4968CE28-6B9C-46E3-9B43-D83406C78471}.Release|Any CPU.Build.0 = Release|Any CPU
	EndGlobalSection
	GlobalSection(SolutionProperties) = preSolution
		HideSolutionNode = FALSE
	EndGlobalSection
	GlobalSection(ExtensibilityGlobals) = postSolution
		SolutionGuid = {38B39D28-9771-49A9-BCF7-1D2124314405}
	EndGlobalSection
EndGlobal
